
Microsoft Visual Studio Solution File, Format Version 12.00
# Visual Studio Version 16
VisualStudioVersion = 16.0.30621.155
MinimumVisualStudioVersion = 10.0.40219.1
Project("{FAE04EC0-301F-11D3-BF4B-00C04F79EFBC}") = "Fitness-App.Persistence", "Fitness-App.Persistence\Fitness-App.Persistence.csproj", "{22F819CB-BA85-4B18-B89A-9CFE70AE38FC}"
EndProject
Global
	GlobalSection(SolutionConfigurationPlatforms) = preSolution
		Debug|Any CPU = Debug|Any CPU
		Release|Any CPU = Release|Any CPU
	EndGlobalSection
	GlobalSection(ProjectConfigurationPlatforms) = postSolution
		{22F819CB-BA85-4B18-B89A-9CFE70AE38FC}.Debug|Any CPU.ActiveCfg = Debug|Any CPU
		{22F819CB-BA85-4B18-B89A-9CFE70AE38FC}.Debug|Any CPU.Build.0 = Debug|Any CPU
		{22F819CB-BA85-4B18-B89A-9CFE70AE38FC}.Release|Any CPU.ActiveCfg = Release|Any CPU
		{22F819CB-BA85-4B18-B89A-9CFE70AE38FC}.Release|Any CPU.Build.0 = Release|Any CPU
	EndGlobalSection
	GlobalSection(SolutionProperties) = preSolution
		HideSolutionNode = FALSE
	EndGlobalSection
	GlobalSection(ExtensibilityGlobals) = postSolution
		SolutionGuid = {22759918-8D99-422F-B5B0-8C88AF3F7BF6}
	EndGlobalSection
EndGlobal
