
Microsoft Visual Studio Solution File, Format Version 12.00
# Visual Studio Version 16
VisualStudioVersion = 16.0.30621.155
MinimumVisualStudioVersion = 10.0.40219.1
Project("{FAE04EC0-301F-11D3-BF4B-00C04F79EFBC}") = "Fitnes-App.Domain", "Fitnes-App.Domain\Fitnes-App.Domain.csproj", "{F9CEE435-0694-4600-AE3B-4202CB5B4628}"
EndProject
Global
	GlobalSection(SolutionConfigurationPlatforms) = preSolution
		Debug|Any CPU = Debug|Any CPU
		Release|Any CPU = Release|Any CPU
	EndGlobalSection
	GlobalSection(ProjectConfigurationPlatforms) = postSolution
		{F9CEE435-0694-4600-AE3B-4202CB5B4628}.Debug|Any CPU.ActiveCfg = Debug|Any CPU
		{F9CEE435-0694-4600-AE3B-4202CB5B4628}.Debug|Any CPU.Build.0 = Debug|Any CPU
		{F9CEE435-0694-4600-AE3B-4202CB5B4628}.Release|Any CPU.ActiveCfg = Release|Any CPU
		{F9CEE435-0694-4600-AE3B-4202CB5B4628}.Release|Any CPU.Build.0 = Release|Any CPU
	EndGlobalSection
	GlobalSection(SolutionProperties) = preSolution
		HideSolutionNode = FALSE
	EndGlobalSection
	GlobalSection(ExtensibilityGlobals) = postSolution
		SolutionGuid = {5A875FCE-6282-4652-845F-A95635C7E7D4}
	EndGlobalSection
EndGlobal
