
Microsoft Visual Studio Solution File, Format Version 12.00
# Visual Studio Version 16
VisualStudioVersion = 16.0.30621.155
MinimumVisualStudioVersion = 10.0.40219.1
Project("{FAE04EC0-301F-11D3-BF4B-00C04F79EFBC}") = "Fitness-App.Web", "Fitness-App.Web\Fitness-App.Web.csproj", "{7EF17571-2286-4EC2-A628-3B4433F0F6C2}"
EndProject
Global
	GlobalSection(SolutionConfigurationPlatforms) = preSolution
		Debug|Any CPU = Debug|Any CPU
		Release|Any CPU = Release|Any CPU
	EndGlobalSection
	GlobalSection(ProjectConfigurationPlatforms) = postSolution
		{7EF17571-2286-4EC2-A628-3B4433F0F6C2}.Debug|Any CPU.ActiveCfg = Debug|Any CPU
		{7EF17571-2286-4EC2-A628-3B4433F0F6C2}.Debug|Any CPU.Build.0 = Debug|Any CPU
		{7EF17571-2286-4EC2-A628-3B4433F0F6C2}.Release|Any CPU.ActiveCfg = Release|Any CPU
		{7EF17571-2286-4EC2-A628-3B4433F0F6C2}.Release|Any CPU.Build.0 = Release|Any CPU
	EndGlobalSection
	GlobalSection(SolutionProperties) = preSolution
		HideSolutionNode = FALSE
	EndGlobalSection
	GlobalSection(ExtensibilityGlobals) = postSolution
		SolutionGuid = {2F9E59BF-2705-446F-AE12-E15044B58A71}
	EndGlobalSection
EndGlobal
